
Microsoft Visual Studio Solution File, Format Version 12.00
# Visual Studio Version 17
VisualStudioVersion = 17.11.35219.272
MinimumVisualStudioVersion = 10.0.40219.1
Project("{FAE04EC0-301F-11D3-BF4B-00C04F79EFBC}") = "FirstApp", "FirstApp\FirstApp.csproj", "{80CC2E90-9069-4FED-8064-6DBC5735C5F2}"
EndProject
Global
	GlobalSection(SolutionConfigurationPlatforms) = preSolution
		Debug|Any CPU = Debug|Any CPU
		Release|Any CPU = Release|Any CPU
	EndGlobalSection
	GlobalSection(ProjectConfigurationPlatforms) = postSolution
		{80CC2E90-9069-4FED-8064-6DBC5735C5F2}.Debug|Any CPU.ActiveCfg = Debug|Any CPU
		{80CC2E90-9069-4FED-8064-6DBC5735C5F2}.Debug|Any CPU.Build.0 = Debug|Any CPU
		{80CC2E90-9069-4FED-8064-6DBC5735C5F2}.Release|Any CPU.ActiveCfg = Release|Any CPU
		{80CC2E90-9069-4FED-8064-6DBC5735C5F2}.Release|Any CPU.Build.0 = Release|Any CPU
	EndGlobalSection
	GlobalSection(SolutionProperties) = preSolution
		HideSolutionNode = FALSE
	EndGlobalSection
	GlobalSection(ExtensibilityGlobals) = postSolution
		SolutionGuid = {49BF5834-F47F-4DE6-A98A-41F57E84DBF3}
	EndGlobalSection
EndGlobal
